Microsoft Visual Studio Solution File, Format Version 11.00
# Visual Studio 2008

Project("{70E4F2B9-ABF7-F26B-4CB2-C75D0076F8E6}") = "Project Turn", "Assembly-CSharp-firstpass.csproj", "{241FFC04-654B-2DBA-7324-565CB2B461B2}"
EndProject
Project("{70E4F2B9-ABF7-F26B-4CB2-C75D0076F8E6}") = "Project Turn", "Assembly-CSharp.csproj", "{1C0FBC95-B51B-4DC3-3A18-D2A7AFF636B8}"
EndProject
Project("{70E4F2B9-ABF7-F26B-4CB2-C75D0076F8E6}") = "Project Turn", "Assembly-CSharp-Editor.csproj", "{9E2EADBD-1E52-67AF-4663-9F30452A3E11}"
EndProject
Global
	GlobalSection(SolutionConfigurationPlatforms) = preSolution
		Debug|Any CPU = Debug|Any CPU
		Release|Any CPU = Release|Any CPU
	EndGlobalSection
	GlobalSection(ProjectConfigurationPlatforms) = postSolution
		{241FFC04-654B-2DBA-7324-565CB2B461B2}.Debug|Any CPU.ActiveCfg = Debug|Any CPU
		{241FFC04-654B-2DBA-7324-565CB2B461B2}.Debug|Any CPU.Build.0 = Debug|Any CPU
		{241FFC04-654B-2DBA-7324-565CB2B461B2}.Release|Any CPU.ActiveCfg = Release|Any CPU
		{241FFC04-654B-2DBA-7324-565CB2B461B2}.Release|Any CPU.Build.0 = Release|Any CPU
		{1C0FBC95-B51B-4DC3-3A18-D2A7AFF636B8}.Debug|Any CPU.ActiveCfg = Debug|Any CPU
		{1C0FBC95-B51B-4DC3-3A18-D2A7AFF636B8}.Debug|Any CPU.Build.0 = Debug|Any CPU
		{1C0FBC95-B51B-4DC3-3A18-D2A7AFF636B8}.Release|Any CPU.ActiveCfg = Release|Any CPU
		{1C0FBC95-B51B-4DC3-3A18-D2A7AFF636B8}.Release|Any CPU.Build.0 = Release|Any CPU
		{9E2EADBD-1E52-67AF-4663-9F30452A3E11}.Debug|Any CPU.ActiveCfg = Debug|Any CPU
		{9E2EADBD-1E52-67AF-4663-9F30452A3E11}.Debug|Any CPU.Build.0 = Debug|Any CPU
		{9E2EADBD-1E52-67AF-4663-9F30452A3E11}.Release|Any CPU.ActiveCfg = Release|Any CPU
		{9E2EADBD-1E52-67AF-4663-9F30452A3E11}.Release|Any CPU.Build.0 = Release|Any CPU
	EndGlobalSection
	GlobalSection(SolutionProperties) = preSolution
		HideSolutionNode = FALSE
	EndGlobalSection
	GlobalSection(MonoDevelopProperties) = preSolution
		StartupItem = Assembly-CSharp.csproj
	EndGlobalSection
EndGlobal
