
Microsoft Visual Studio Solution File, Format Version 12.00
# Visual Studio 2015
Project("{FAE04EC0-301F-11D3-BF4B-00C04F79EFBC}") = "Project-Strategy", "Project-Strategy.csproj", "{05263D21-F73D-3D2B-0683-C3E69E185738}"
EndProject
Project("{FAE04EC0-301F-11D3-BF4B-00C04F79EFBC}") = "Project-Strategy.Editor", "Project-Strategy.Editor.csproj", "{DC5A4D28-5C0C-8926-008A-104DC9962E8E}"
EndProject
Global
	GlobalSection(SolutionConfigurationPlatforms) = preSolution
		Debug|Any CPU = Debug|Any CPU
		Release|Any CPU = Release|Any CPU
	EndGlobalSection
	GlobalSection(ProjectConfigurationPlatforms) = postSolution
		{05263D21-F73D-3D2B-0683-C3E69E185738}.Debug|Any CPU.ActiveCfg = Debug|Any CPU
		{05263D21-F73D-3D2B-0683-C3E69E185738}.Debug|Any CPU.Build.0 = Debug|Any CPU
		{05263D21-F73D-3D2B-0683-C3E69E185738}.Release|Any CPU.ActiveCfg = Release|Any CPU
		{05263D21-F73D-3D2B-0683-C3E69E185738}.Release|Any CPU.Build.0 = Release|Any CPU
		{DC5A4D28-5C0C-8926-008A-104DC9962E8E}.Debug|Any CPU.ActiveCfg = Debug|Any CPU
		{DC5A4D28-5C0C-8926-008A-104DC9962E8E}.Debug|Any CPU.Build.0 = Debug|Any CPU
		{DC5A4D28-5C0C-8926-008A-104DC9962E8E}.Release|Any CPU.ActiveCfg = Release|Any CPU
		{DC5A4D28-5C0C-8926-008A-104DC9962E8E}.Release|Any CPU.Build.0 = Release|Any CPU
	EndGlobalSection
	GlobalSection(SolutionProperties) = preSolution
		HideSolutionNode = FALSE
	EndGlobalSection
EndGlobal
