
Microsoft Visual Studio Solution File, Format Version 11.00
# Visual Studio 2010
Project("{FAE04EC0-301F-11D3-BF4B-00C04F79EFBC}") = "Project-Strategy", "Assembly-CSharp.csproj", "{2056F0D7-E2E6-5616-441F-8A5BE02C292F}"
EndProject
Project("{FAE04EC0-301F-11D3-BF4B-00C04F79EFBC}") = "Project-Strategy", "Assembly-CSharp-Editor.csproj", "{FC20142C-1E40-DDD7-965B-375C1107588D}"
EndProject
Global
	GlobalSection(SolutionConfigurationPlatforms) = preSolution
		Debug|Any CPU = Debug|Any CPU
		Release|Any CPU = Release|Any CPU
	EndGlobalSection
	GlobalSection(ProjectConfigurationPlatforms) = postSolution
		{2056F0D7-E2E6-5616-441F-8A5BE02C292F}.Debug|Any CPU.ActiveCfg = Debug|Any CPU
		{2056F0D7-E2E6-5616-441F-8A5BE02C292F}.Debug|Any CPU.Build.0 = Debug|Any CPU
		{2056F0D7-E2E6-5616-441F-8A5BE02C292F}.Release|Any CPU.ActiveCfg = Release|Any CPU
		{2056F0D7-E2E6-5616-441F-8A5BE02C292F}.Release|Any CPU.Build.0 = Release|Any CPU
		{FC20142C-1E40-DDD7-965B-375C1107588D}.Debug|Any CPU.ActiveCfg = Debug|Any CPU
		{FC20142C-1E40-DDD7-965B-375C1107588D}.Debug|Any CPU.Build.0 = Debug|Any CPU
		{FC20142C-1E40-DDD7-965B-375C1107588D}.Release|Any CPU.ActiveCfg = Release|Any CPU
		{FC20142C-1E40-DDD7-965B-375C1107588D}.Release|Any CPU.Build.0 = Release|Any CPU
	EndGlobalSection
	GlobalSection(SolutionProperties) = preSolution
		HideSolutionNode = FALSE
	EndGlobalSection
	GlobalSection(MonoDevelopProperties) = preSolution
		StartupItem = Assembly-CSharp.csproj
	EndGlobalSection
EndGlobal
